
Microsoft Visual Studio Solution File, Format Version 12.00
# Visual Studio 15
VisualStudioVersion = 15.0.27004.2002
MinimumVisualStudioVersion = 10.0.40219.1
Project("{9A19103F-16F7-4668-BE54-9A1E7A4F7556}") = "ServiceControl.Monitoring.Data", "ServiceControl.Monitoring.Data\ServiceControl.Monitoring.Data.csproj", "{E1F15316-ACFA-46D1-9903-302C969D0AC4}"
EndProject
Project("{9A19103F-16F7-4668-BE54-9A1E7A4F7556}") = "ServiceControl.Monitoring.Data.Tests", "ServiceControl.Monitoring.Data.Tests\ServiceControl.Monitoring.Data.Tests.csproj", "{0E3A3BCC-3FBB-46FD-B2E3-DD0299D83963}"
EndProject
Project("{2150E333-8FDC-42A3-9474-1A3956D46DE8}") = "Solution Items", "Solution Items", "{F5610598-D933-43B9-AA5F-4CB81B427B99}"
	ProjectSection(SolutionItems) = preProject
		Directory.Build.props = Directory.Build.props
	EndProjectSection
EndProject
Global
	GlobalSection(SolutionConfigurationPlatforms) = preSolution
		Debug|Any CPU = Debug|Any CPU
		Release|Any CPU = Release|Any CPU
	EndGlobalSection
	GlobalSection(ProjectConfigurationPlatforms) = postSolution
		{E1F15316-ACFA-46D1-9903-302C969D0AC4}.Debug|Any CPU.ActiveCfg = Debug|Any CPU
		{E1F15316-ACFA-46D1-9903-302C969D0AC4}.Debug|Any CPU.Build.0 = Debug|Any CPU
		{E1F15316-ACFA-46D1-9903-302C969D0AC4}.Release|Any CPU.ActiveCfg = Release|Any CPU
		{E1F15316-ACFA-46D1-9903-302C969D0AC4}.Release|Any CPU.Build.0 = Release|Any CPU
		{0E3A3BCC-3FBB-46FD-B2E3-DD0299D83963}.Debug|Any CPU.ActiveCfg = Debug|Any CPU
		{0E3A3BCC-3FBB-46FD-B2E3-DD0299D83963}.Debug|Any CPU.Build.0 = Debug|Any CPU
		{0E3A3BCC-3FBB-46FD-B2E3-DD0299D83963}.Release|Any CPU.ActiveCfg = Release|Any CPU
		{0E3A3BCC-3FBB-46FD-B2E3-DD0299D83963}.Release|Any CPU.Build.0 = Release|Any CPU
	EndGlobalSection
	GlobalSection(SolutionProperties) = preSolution
		HideSolutionNode = FALSE
	EndGlobalSection
	GlobalSection(ExtensibilityGlobals) = postSolution
		SolutionGuid = {79E7301A-2805-475D-831D-3B8E9C8A5E6D}
	EndGlobalSection
EndGlobal
